
Microsoft Visual Studio Solution File, Format Version 12.00
# Visual Studio 15
VisualStudioVersion = 15.0.28010.2036
MinimumVisualStudioVersion = 10.0.40219.1
Project("{2150E333-8FDC-42A3-9474-1A3956D46DE8}") = "Targets", "Targets", "{E0AF30A8-6E4C-48F1-ABE8-96C773389D91}"
EndProject
Project("{FAE04EC0-301F-11D3-BF4B-00C04F79EFBC}") = "HackerNews.iOS", "HackerNews.iOS\HackerNews.iOS.csproj", "{0818C995-826E-4901-873D-A78171548B85}"
EndProject
Project("{FAE04EC0-301F-11D3-BF4B-00C04F79EFBC}") = "HackerNews.UWP", "HackerNews.UWP\HackerNews.UWP.csproj", "{88CF1E76-D276-4CEF-8293-314CF88DFCA8}"
EndProject
Project("{FAE04EC0-301F-11D3-BF4B-00C04F79EFBC}") = "HackerNews.Android", "HackerNews.Android\HackerNews.Android.csproj", "{7FA2419B-AF19-4C44-BA6F-3125B5496B73}"
EndProject
Project("{9A19103F-16F7-4668-BE54-9A1E7A4F7556}") = "HackerNews", "HackerNews\HackerNews.csproj", "{F12CDB3F-810A-421A-B941-7A1095B03D15}"
EndProject
Project("{9A19103F-16F7-4668-BE54-9A1E7A4F7556}") = "HackerNews.Infrastructure.Framework", "HackerNews.Infrastructure.Framework\HackerNews.Infrastructure.Framework.csproj", "{3789D96E-321B-4AC4-AFA0-73C4B101ACDF}"
EndProject
Project("{9A19103F-16F7-4668-BE54-9A1E7A4F7556}") = "HackerNews.ViewModels", "HackerNews.ViewModels\HackerNews.ViewModels.csproj", "{5D31807F-A321-4827-8232-C53D68CE95C9}"
EndProject
Project("{9A19103F-16F7-4668-BE54-9A1E7A4F7556}") = "HackerNews.Core.Rest", "HackerNews.Core.Rest\HackerNews.Core.Rest.csproj", "{E51A0CF4-C75E-4B65-828F-7E3324DB464D}"
EndProject
Project("{9A19103F-16F7-4668-BE54-9A1E7A4F7556}") = "HackerNews.Core", "HackerNews.Core\HackerNews.Core.csproj", "{F5AD7ECC-3272-4A04-B9B5-B9DE003E1328}"
EndProject
Project("{9A19103F-16F7-4668-BE54-9A1E7A4F7556}") = "HackerNews.Core.Models", "HackerNews.Core.Models\HackerNews.Core.Models.csproj", "{50F678E3-EE3A-4090-AF09-618A34CB6BB2}"
EndProject
Global
	GlobalSection(SolutionConfigurationPlatforms) = preSolution
		Ad-Hoc|Any CPU = Ad-Hoc|Any CPU
		Ad-Hoc|ARM = Ad-Hoc|ARM
		Ad-Hoc|iPhone = Ad-Hoc|iPhone
		Ad-Hoc|iPhoneSimulator = Ad-Hoc|iPhoneSimulator
		Ad-Hoc|x64 = Ad-Hoc|x64
		Ad-Hoc|x86 = Ad-Hoc|x86
		AppStore|Any CPU = AppStore|Any CPU
		AppStore|ARM = AppStore|ARM
		AppStore|iPhone = AppStore|iPhone
		AppStore|iPhoneSimulator = AppStore|iPhoneSimulator
		AppStore|x64 = AppStore|x64
		AppStore|x86 = AppStore|x86
		Debug|Any CPU = Debug|Any CPU
		Debug|ARM = Debug|ARM
		Debug|iPhone = Debug|iPhone
		Debug|iPhoneSimulator = Debug|iPhoneSimulator
		Debug|x64 = Debug|x64
		Debug|x86 = Debug|x86
		Release|Any CPU = Release|Any CPU
		Release|ARM = Release|ARM
		Release|iPhone = Release|iPhone
		Release|iPhoneSimulator = Release|iPhoneSimulator
		Release|x64 = Release|x64
		Release|x86 = Release|x86
	EndGlobalSection
	GlobalSection(ProjectConfigurationPlatforms) = postSolution
		{0818C995-826E-4901-873D-A78171548B85}.Ad-Hoc|Any CPU.ActiveCfg = Ad-Hoc|iPhone
		{0818C995-826E-4901-873D-A78171548B85}.Ad-Hoc|ARM.ActiveCfg = Ad-Hoc|iPhone
		{0818C995-826E-4901-873D-A78171548B85}.Ad-Hoc|iPhone.ActiveCfg = Ad-Hoc|iPhone
		{0818C995-826E-4901-873D-A78171548B85}.Ad-Hoc|iPhone.Build.0 = Ad-Hoc|iPhone
		{0818C995-826E-4901-873D-A78171548B85}.Ad-Hoc|iPhoneSimulator.ActiveCfg = Ad-Hoc|iPhoneSimulator
		{0818C995-826E-4901-873D-A78171548B85}.Ad-Hoc|iPhoneSimulator.Build.0 = Ad-Hoc|iPhoneSimulator
		{0818C995-826E-4901-873D-A78171548B85}.Ad-Hoc|x64.ActiveCfg = Ad-Hoc|iPhone
		{0818C995-826E-4901-873D-A78171548B85}.Ad-Hoc|x86.ActiveCfg = Ad-Hoc|iPhone
		{0818C995-826E-4901-873D-A78171548B85}.AppStore|Any CPU.ActiveCfg = AppStore|iPhone
		{0818C995-826E-4901-873D-A78171548B85}.AppStore|ARM.ActiveCfg = AppStore|iPhone
		{0818C995-826E-4901-873D-A78171548B85}.AppStore|iPhone.ActiveCfg = AppStore|iPhone
		{0818C995-826E-4901-873D-A78171548B85}.AppStore|iPhone.Build.0 = AppStore|iPhone
		{0818C995-826E-4901-873D-A78171548B85}.AppStore|iPhoneSimulator.ActiveCfg = AppStore|iPhoneSimulator
		{0818C995-826E-4901-873D-A78171548B85}.AppStore|iPhoneSimulator.Build.0 = AppStore|iPhoneSimulator
		{0818C995-826E-4901-873D-A78171548B85}.AppStore|x64.ActiveCfg = AppStore|iPhone
		{0818C995-826E-4901-873D-A78171548B85}.AppStore|x86.ActiveCfg = AppStore|iPhone
		{0818C995-826E-4901-873D-A78171548B85}.Debug|Any CPU.ActiveCfg = Debug|iPhone
		{0818C995-826E-4901-873D-A78171548B85}.Debug|ARM.ActiveCfg = Debug|iPhone
		{0818C995-826E-4901-873D-A78171548B85}.Debug|iPhone.ActiveCfg = Debug|iPhone
		{0818C995-826E-4901-873D-A78171548B85}.Debug|iPhone.Build.0 = Debug|iPhone
		{0818C995-826E-4901-873D-A78171548B85}.Debug|iPhoneSimulator.ActiveCfg = Debug|iPhoneSimulator
		{0818C995-826E-4901-873D-A78171548B85}.Debug|iPhoneSimulator.Build.0 = Debug|iPhoneSimulator
		{0818C995-826E-4901-873D-A78171548B85}.Debug|x64.ActiveCfg = Debug|iPhone
		{0818C995-826E-4901-873D-A78171548B85}.Debug|x86.ActiveCfg = Debug|iPhone
		{0818C995-826E-4901-873D-A78171548B85}.Release|Any CPU.ActiveCfg = Release|iPhone
		{0818C995-826E-4901-873D-A78171548B85}.Release|ARM.ActiveCfg = Release|iPhone
		{0818C995-826E-4901-873D-A78171548B85}.Release|iPhone.ActiveCfg = Release|iPhone
		{0818C995-826E-4901-873D-A78171548B85}.Release|iPhone.Build.0 = Release|iPhone
		{0818C995-826E-4901-873D-A78171548B85}.Release|iPhoneSimulator.ActiveCfg = Release|iPhoneSimulator
		{0818C995-826E-4901-873D-A78171548B85}.Release|iPhoneSimulator.Build.0 = Release|iPhoneSimulator
		{0818C995-826E-4901-873D-A78171548B85}.Release|x64.ActiveCfg = Release|iPhone
		{0818C995-826E-4901-873D-A78171548B85}.Release|x86.ActiveCfg = Release|iPhone
		{88CF1E76-D276-4CEF-8293-314CF88DFCA8}.Ad-Hoc|Any CPU.ActiveCfg = Release|x86
		{88CF1E76-D276-4CEF-8293-314CF88DFCA8}.Ad-Hoc|Any CPU.Build.0 = Release|x86
		{88CF1E76-D276-4CEF-8293-314CF88DFCA8}.Ad-Hoc|Any CPU.Deploy.0 = Release|x86
		{88CF1E76-D276-4CEF-8293-314CF88DFCA8}.Ad-Hoc|ARM.ActiveCfg = Release|ARM
		{88CF1E76-D276-4CEF-8293-314CF88DFCA8}.Ad-Hoc|ARM.Build.0 = Release|ARM
		{88CF1E76-D276-4CEF-8293-314CF88DFCA8}.Ad-Hoc|ARM.Deploy.0 = Release|ARM
		{88CF1E76-D276-4CEF-8293-314CF88DFCA8}.Ad-Hoc|iPhone.ActiveCfg = Release|x86
		{88CF1E76-D276-4CEF-8293-314CF88DFCA8}.Ad-Hoc|iPhone.Build.0 = Release|x86
		{88CF1E76-D276-4CEF-8293-314CF88DFCA8}.Ad-Hoc|iPhone.Deploy.0 = Release|x86
		{88CF1E76-D276-4CEF-8293-314CF88DFCA8}.Ad-Hoc|iPhoneSimulator.ActiveCfg = Release|x86
		{88CF1E76-D276-4CEF-8293-314CF88DFCA8}.Ad-Hoc|iPhoneSimulator.Build.0 = Release|x86
		{88CF1E76-D276-4CEF-8293-314CF88DFCA8}.Ad-Hoc|iPhoneSimulator.Deploy.0 = Release|x86
		{88CF1E76-D276-4CEF-8293-314CF88DFCA8}.Ad-Hoc|x64.ActiveCfg = Release|x64
		{88CF1E76-D276-4CEF-8293-314CF88DFCA8}.Ad-Hoc|x64.Build.0 = Release|x64
		{88CF1E76-D276-4CEF-8293-314CF88DFCA8}.Ad-Hoc|x64.Deploy.0 = Release|x64
		{88CF1E76-D276-4CEF-8293-314CF88DFCA8}.Ad-Hoc|x86.ActiveCfg = Release|x86
		{88CF1E76-D276-4CEF-8293-314CF88DFCA8}.Ad-Hoc|x86.Build.0 = Release|x86
		{88CF1E76-D276-4CEF-8293-314CF88DFCA8}.Ad-Hoc|x86.Deploy.0 = Release|x86
		{88CF1E76-D276-4CEF-8293-314CF88DFCA8}.AppStore|Any CPU.ActiveCfg = Release|x86
		{88CF1E76-D276-4CEF-8293-314CF88DFCA8}.AppStore|Any CPU.Build.0 = Release|x86
		{88CF1E76-D276-4CEF-8293-314CF88DFCA8}.AppStore|Any CPU.Deploy.0 = Release|x86
		{88CF1E76-D276-4CEF-8293-314CF88DFCA8}.AppStore|ARM.ActiveCfg = Release|ARM
		{88CF1E76-D276-4CEF-8293-314CF88DFCA8}.AppStore|ARM.Build.0 = Release|ARM
		{88CF1E76-D276-4CEF-8293-314CF88DFCA8}.AppStore|ARM.Deploy.0 = Release|ARM
		{88CF1E76-D276-4CEF-8293-314CF88DFCA8}.AppStore|iPhone.ActiveCfg = Release|x86
		{88CF1E76-D276-4CEF-8293-314CF88DFCA8}.AppStore|iPhone.Build.0 = Release|x86
		{88CF1E76-D276-4CEF-8293-314CF88DFCA8}.AppStore|iPhone.Deploy.0 = Release|x86
		{88CF1E76-D276-4CEF-8293-314CF88DFCA8}.AppStore|iPhoneSimulator.ActiveCfg = Release|x86
		{88CF1E76-D276-4CEF-8293-314CF88DFCA8}.AppStore|iPhoneSimulator.Build.0 = Release|x86
		{88CF1E76-D276-4CEF-8293-314CF88DFCA8}.AppStore|iPhoneSimulator.Deploy.0 = Release|x86
		{88CF1E76-D276-4CEF-8293-314CF88DFCA8}.AppStore|x64.ActiveCfg = Release|x64
		{88CF1E76-D276-4CEF-8293-314CF88DFCA8}.AppStore|x64.Build.0 = Release|x64
		{88CF1E76-D276-4CEF-8293-314CF88DFCA8}.AppStore|x64.Deploy.0 = Release|x64
		{88CF1E76-D276-4CEF-8293-314CF88DFCA8}.AppStore|x86.ActiveCfg = Release|x86
		{88CF1E76-D276-4CEF-8293-314CF88DFCA8}.AppStore|x86.Build.0 = Release|x86
		{88CF1E76-D276-4CEF-8293-314CF88DFCA8}.AppStore|x86.Deploy.0 = Release|x86
		{88CF1E76-D276-4CEF-8293-314CF88DFCA8}.Debug|Any CPU.ActiveCfg = Debug|x86
		{88CF1E76-D276-4CEF-8293-314CF88DFCA8}.Debug|ARM.ActiveCfg = Debug|ARM
		{88CF1E76-D276-4CEF-8293-314CF88DFCA8}.Debug|ARM.Build.0 = Debug|ARM
		{88CF1E76-D276-4CEF-8293-314CF88DFCA8}.Debug|ARM.Deploy.0 = Debug|ARM
		{88CF1E76-D276-4CEF-8293-314CF88DFCA8}.Debug|iPhone.ActiveCfg = Debug|x86
		{88CF1E76-D276-4CEF-8293-314CF88DFCA8}.Debug|iPhoneSimulator.ActiveCfg = Debug|x86
		{88CF1E76-D276-4CEF-8293-314CF88DFCA8}.Debug|x64.ActiveCfg = Debug|x64
		{88CF1E76-D276-4CEF-8293-314CF88DFCA8}.Debug|x64.Build.0 = Debug|x64
		{88CF1E76-D276-4CEF-8293-314CF88DFCA8}.Debug|x64.Deploy.0 = Debug|x64
		{88CF1E76-D276-4CEF-8293-314CF88DFCA8}.Debug|x86.ActiveCfg = Debug|x86
		{88CF1E76-D276-4CEF-8293-314CF88DFCA8}.Debug|x86.Build.0 = Debug|x86
		{88CF1E76-D276-4CEF-8293-314CF88DFCA8}.Debug|x86.Deploy.0 = Debug|x86
		{88CF1E76-D276-4CEF-8293-314CF88DFCA8}.Release|Any CPU.ActiveCfg = Release|x86
		{88CF1E76-D276-4CEF-8293-314CF88DFCA8}.Release|ARM.ActiveCfg = Release|ARM
		{88CF1E76-D276-4CEF-8293-314CF88DFCA8}.Release|ARM.Build.0 = Release|ARM
		{88CF1E76-D276-4CEF-8293-314CF88DFCA8}.Release|ARM.Deploy.0 = Release|ARM
		{88CF1E76-D276-4CEF-8293-314CF88DFCA8}.Release|iPhone.ActiveCfg = Release|x86
		{88CF1E76-D276-4CEF-8293-314CF88DFCA8}.Release|iPhoneSimulator.ActiveCfg = Release|x86
		{88CF1E76-D276-4CEF-8293-314CF88DFCA8}.Release|x64.ActiveCfg = Release|x64
		{88CF1E76-D276-4CEF-8293-314CF88DFCA8}.Release|x64.Build.0 = Release|x64
		{88CF1E76-D276-4CEF-8293-314CF88DFCA8}.Release|x64.Deploy.0 = Release|x64
		{88CF1E76-D276-4CEF-8293-314CF88DFCA8}.Release|x86.ActiveCfg = Release|x86
		{88CF1E76-D276-4CEF-8293-314CF88DFCA8}.Release|x86.Build.0 = Release|x86
		{88CF1E76-D276-4CEF-8293-314CF88DFCA8}.Release|x86.Deploy.0 = Release|x86
		{7FA2419B-AF19-4C44-BA6F-3125B5496B73}.Ad-Hoc|Any CPU.ActiveCfg = Release|Any CPU
		{7FA2419B-AF19-4C44-BA6F-3125B5496B73}.Ad-Hoc|Any CPU.Build.0 = Release|Any CPU
		{7FA2419B-AF19-4C44-BA6F-3125B5496B73}.Ad-Hoc|Any CPU.Deploy.0 = Release|Any CPU
		{7FA2419B-AF19-4C44-BA6F-3125B5496B73}.Ad-Hoc|ARM.ActiveCfg = Release|Any CPU
		{7FA2419B-AF19-4C44-BA6F-3125B5496B73}.Ad-Hoc|ARM.Build.0 = Release|Any CPU
		{7FA2419B-AF19-4C44-BA6F-3125B5496B73}.Ad-Hoc|ARM.Deploy.0 = Release|Any CPU
		{7FA2419B-AF19-4C44-BA6F-3125B5496B73}.Ad-Hoc|iPhone.ActiveCfg = Release|Any CPU
		{7FA2419B-AF19-4C44-BA6F-3125B5496B73}.Ad-Hoc|iPhone.Build.0 = Release|Any CPU
		{7FA2419B-AF19-4C44-BA6F-3125B5496B73}.Ad-Hoc|iPhone.Deploy.0 = Release|Any CPU
		{7FA2419B-AF19-4C44-BA6F-3125B5496B73}.Ad-Hoc|iPhoneSimulator.ActiveCfg = Release|Any CPU
		{7FA2419B-AF19-4C44-BA6F-3125B5496B73}.Ad-Hoc|iPhoneSimulator.Build.0 = Release|Any CPU
		{7FA2419B-AF19-4C44-BA6F-3125B5496B73}.Ad-Hoc|iPhoneSimulator.Deploy.0 = Release|Any CPU
		{7FA2419B-AF19-4C44-BA6F-3125B5496B73}.Ad-Hoc|x64.ActiveCfg = Release|Any CPU
		{7FA2419B-AF19-4C44-BA6F-3125B5496B73}.Ad-Hoc|x64.Build.0 = Release|Any CPU
		{7FA2419B-AF19-4C44-BA6F-3125B5496B73}.Ad-Hoc|x64.Deploy.0 = Release|Any CPU
		{7FA2419B-AF19-4C44-BA6F-3125B5496B73}.Ad-Hoc|x86.ActiveCfg = Release|Any CPU
		{7FA2419B-AF19-4C44-BA6F-3125B5496B73}.Ad-Hoc|x86.Build.0 = Release|Any CPU
		{7FA2419B-AF19-4C44-BA6F-3125B5496B73}.Ad-Hoc|x86.Deploy.0 = Release|Any CPU
		{7FA2419B-AF19-4C44-BA6F-3125B5496B73}.AppStore|Any CPU.ActiveCfg = Release|Any CPU
		{7FA2419B-AF19-4C44-BA6F-3125B5496B73}.AppStore|Any CPU.Build.0 = Release|Any CPU
		{7FA2419B-AF19-4C44-BA6F-3125B5496B73}.AppStore|Any CPU.Deploy.0 = Release|Any CPU
		{7FA2419B-AF19-4C44-BA6F-3125B5496B73}.AppStore|ARM.ActiveCfg = Release|Any CPU
		{7FA2419B-AF19-4C44-BA6F-3125B5496B73}.AppStore|ARM.Build.0 = Release|Any CPU
		{7FA2419B-AF19-4C44-BA6F-3125B5496B73}.AppStore|ARM.Deploy.0 = Release|Any CPU
		{7FA2419B-AF19-4C44-BA6F-3125B5496B73}.AppStore|iPhone.ActiveCfg = Release|Any CPU
		{7FA2419B-AF19-4C44-BA6F-3125B5496B73}.AppStore|iPhone.Build.0 = Release|Any CPU
		{7FA2419B-AF19-4C44-BA6F-3125B5496B73}.AppStore|iPhone.Deploy.0 = Release|Any CPU
		{7FA2419B-AF19-4C44-BA6F-3125B5496B73}.AppStore|iPhoneSimulator.ActiveCfg = Release|Any CPU
		{7FA2419B-AF19-4C44-BA6F-3125B5496B73}.AppStore|iPhoneSimulator.Build.0 = Release|Any CPU
		{7FA2419B-AF19-4C44-BA6F-3125B5496B73}.AppStore|iPhoneSimulator.Deploy.0 = Release|Any CPU
		{7FA2419B-AF19-4C44-BA6F-3125B5496B73}.AppStore|x64.ActiveCfg = Release|Any CPU
		{7FA2419B-AF19-4C44-BA6F-3125B5496B73}.AppStore|x64.Build.0 = Release|Any CPU
		{7FA2419B-AF19-4C44-BA6F-3125B5496B73}.AppStore|x64.Deploy.0 = Release|Any CPU
		{7FA2419B-AF19-4C44-BA6F-3125B5496B73}.AppStore|x86.ActiveCfg = Release|Any CPU
		{7FA2419B-AF19-4C44-BA6F-3125B5496B73}.AppStore|x86.Build.0 = Release|Any CPU
		{7FA2419B-AF19-4C44-BA6F-3125B5496B73}.AppStore|x86.Deploy.0 = Release|Any CPU
		{7FA2419B-AF19-4C44-BA6F-3125B5496B73}.Debug|Any CPU.ActiveCfg = Debug|Any CPU
		{7FA2419B-AF19-4C44-BA6F-3125B5496B73}.Debug|Any CPU.Build.0 = Debug|Any CPU
		{7FA2419B-AF19-4C44-BA6F-3125B5496B73}.Debug|Any CPU.Deploy.0 = Debug|Any CPU
		{7FA2419B-AF19-4C44-BA6F-3125B5496B73}.Debug|ARM.ActiveCfg = Debug|Any CPU
		{7FA2419B-AF19-4C44-BA6F-3125B5496B73}.Debug|ARM.Build.0 = Debug|Any CPU
		{7FA2419B-AF19-4C44-BA6F-3125B5496B73}.Debug|ARM.Deploy.0 = Debug|Any CPU
		{7FA2419B-AF19-4C44-BA6F-3125B5496B73}.Debug|iPhone.ActiveCfg = Debug|Any CPU
		{7FA2419B-AF19-4C44-BA6F-3125B5496B73}.Debug|iPhone.Build.0 = Debug|Any CPU
		{7FA2419B-AF19-4C44-BA6F-3125B5496B73}.Debug|iPhone.Deploy.0 = Debug|Any CPU
		{7FA2419B-AF19-4C44-BA6F-3125B5496B73}.Debug|iPhoneSimulator.ActiveCfg = Debug|Any CPU
		{7FA2419B-AF19-4C44-BA6F-3125B5496B73}.Debug|iPhoneSimulator.Build.0 = Debug|Any CPU
		{7FA2419B-AF19-4C44-BA6F-3125B5496B73}.Debug|iPhoneSimulator.Deploy.0 = Debug|Any CPU
		{7FA2419B-AF19-4C44-BA6F-3125B5496B73}.Debug|x64.ActiveCfg = Debug|Any CPU
		{7FA2419B-AF19-4C44-BA6F-3125B5496B73}.Debug|x64.Build.0 = Debug|Any CPU
		{7FA2419B-AF19-4C44-BA6F-3125B5496B73}.Debug|x64.Deploy.0 = Debug|Any CPU
		{7FA2419B-AF19-4C44-BA6F-3125B5496B73}.Debug|x86.ActiveCfg = Debug|Any CPU
		{7FA2419B-AF19-4C44-BA6F-3125B5496B73}.Debug|x86.Build.0 = Debug|Any CPU
		{7FA2419B-AF19-4C44-BA6F-3125B5496B73}.Debug|x86.Deploy.0 = Debug|Any CPU
		{7FA2419B-AF19-4C44-BA6F-3125B5496B73}.Release|Any CPU.ActiveCfg = Release|Any CPU
		{7FA2419B-AF19-4C44-BA6F-3125B5496B73}.Release|Any CPU.Build.0 = Release|Any CPU
		{7FA2419B-AF19-4C44-BA6F-3125B5496B73}.Release|Any CPU.Deploy.0 = Release|Any CPU
		{7FA2419B-AF19-4C44-BA6F-3125B5496B73}.Release|ARM.ActiveCfg = Release|Any CPU
		{7FA2419B-AF19-4C44-BA6F-3125B5496B73}.Release|ARM.Build.0 = Release|Any CPU
		{7FA2419B-AF19-4C44-BA6F-3125B5496B73}.Release|ARM.Deploy.0 = Release|Any CPU
		{7FA2419B-AF19-4C44-BA6F-3125B5496B73}.Release|iPhone.ActiveCfg = Release|Any CPU
		{7FA2419B-AF19-4C44-BA6F-3125B5496B73}.Release|iPhone.Build.0 = Release|Any CPU
		{7FA2419B-AF19-4C44-BA6F-3125B5496B73}.Release|iPhone.Deploy.0 = Release|Any CPU
		{7FA2419B-AF19-4C44-BA6F-3125B5496B73}.Release|iPhoneSimulator.ActiveCfg = Release|Any CPU
		{7FA2419B-AF19-4C44-BA6F-3125B5496B73}.Release|iPhoneSimulator.Build.0 = Release|Any CPU
		{7FA2419B-AF19-4C44-BA6F-3125B5496B73}.Release|iPhoneSimulator.Deploy.0 = Release|Any CPU
		{7FA2419B-AF19-4C44-BA6F-3125B5496B73}.Release|x64.ActiveCfg = Release|Any CPU
		{7FA2419B-AF19-4C44-BA6F-3125B5496B73}.Release|x64.Build.0 = Release|Any CPU
		{7FA2419B-AF19-4C44-BA6F-3125B5496B73}.Release|x64.Deploy.0 = Release|Any CPU
		{7FA2419B-AF19-4C44-BA6F-3125B5496B73}.Release|x86.ActiveCfg = Release|Any CPU
		{7FA2419B-AF19-4C44-BA6F-3125B5496B73}.Release|x86.Build.0 = Release|Any CPU
		{7FA2419B-AF19-4C44-BA6F-3125B5496B73}.Release|x86.Deploy.0 = Release|Any CPU
		{F12CDB3F-810A-421A-B941-7A1095B03D15}.Ad-Hoc|Any CPU.ActiveCfg = Debug|Any CPU
		{F12CDB3F-810A-421A-B941-7A1095B03D15}.Ad-Hoc|Any CPU.Build.0 = Debug|Any CPU
		{F12CDB3F-810A-421A-B941-7A1095B03D15}.Ad-Hoc|ARM.ActiveCfg = Debug|Any CPU
		{F12CDB3F-810A-421A-B941-7A1095B03D15}.Ad-Hoc|ARM.Build.0 = Debug|Any CPU
		{F12CDB3F-810A-421A-B941-7A1095B03D15}.Ad-Hoc|iPhone.ActiveCfg = Debug|Any CPU
		{F12CDB3F-810A-421A-B941-7A1095B03D15}.Ad-Hoc|iPhone.Build.0 = Debug|Any CPU
		{F12CDB3F-810A-421A-B941-7A1095B03D15}.Ad-Hoc|iPhoneSimulator.ActiveCfg = Debug|Any CPU
		{F12CDB3F-810A-421A-B941-7A1095B03D15}.Ad-Hoc|iPhoneSimulator.Build.0 = Debug|Any CPU
		{F12CDB3F-810A-421A-B941-7A1095B03D15}.Ad-Hoc|x64.ActiveCfg = Debug|Any CPU
		{F12CDB3F-810A-421A-B941-7A1095B03D15}.Ad-Hoc|x64.Build.0 = Debug|Any CPU
		{F12CDB3F-810A-421A-B941-7A1095B03D15}.Ad-Hoc|x86.ActiveCfg = Debug|Any CPU
		{F12CDB3F-810A-421A-B941-7A1095B03D15}.Ad-Hoc|x86.Build.0 = Debug|Any CPU
		{F12CDB3F-810A-421A-B941-7A1095B03D15}.AppStore|Any CPU.ActiveCfg = Debug|Any CPU
		{F12CDB3F-810A-421A-B941-7A1095B03D15}.AppStore|Any CPU.Build.0 = Debug|Any CPU
		{F12CDB3F-810A-421A-B941-7A1095B03D15}.AppStore|ARM.ActiveCfg = Debug|Any CPU
		{F12CDB3F-810A-421A-B941-7A1095B03D15}.AppStore|ARM.Build.0 = Debug|Any CPU
		{F12CDB3F-810A-421A-B941-7A1095B03D15}.AppStore|iPhone.ActiveCfg = Debug|Any CPU
		{F12CDB3F-810A-421A-B941-7A1095B03D15}.AppStore|iPhone.Build.0 = Debug|Any CPU
		{F12CDB3F-810A-421A-B941-7A1095B03D15}.AppStore|iPhoneSimulator.ActiveCfg = Debug|Any CPU
		{F12CDB3F-810A-421A-B941-7A1095B03D15}.AppStore|iPhoneSimulator.Build.0 = Debug|Any CPU
		{F12CDB3F-810A-421A-B941-7A1095B03D15}.AppStore|x64.ActiveCfg = Debug|Any CPU
		{F12CDB3F-810A-421A-B941-7A1095B03D15}.AppStore|x64.Build.0 = Debug|Any CPU
		{F12CDB3F-810A-421A-B941-7A1095B03D15}.AppStore|x86.ActiveCfg = Debug|Any CPU
		{F12CDB3F-810A-421A-B941-7A1095B03D15}.AppStore|x86.Build.0 = Debug|Any CPU
		{F12CDB3F-810A-421A-B941-7A1095B03D15}.Debug|Any CPU.ActiveCfg = Debug|Any CPU
		{F12CDB3F-810A-421A-B941-7A1095B03D15}.Debug|Any CPU.Build.0 = Debug|Any CPU
		{F12CDB3F-810A-421A-B941-7A1095B03D15}.Debug|ARM.ActiveCfg = Debug|Any CPU
		{F12CDB3F-810A-421A-B941-7A1095B03D15}.Debug|ARM.Build.0 = Debug|Any CPU
		{F12CDB3F-810A-421A-B941-7A1095B03D15}.Debug|iPhone.ActiveCfg = Debug|Any CPU
		{F12CDB3F-810A-421A-B941-7A1095B03D15}.Debug|iPhone.Build.0 = Debug|Any CPU
		{F12CDB3F-810A-421A-B941-7A1095B03D15}.Debug|iPhoneSimulator.ActiveCfg = Debug|Any CPU
		{F12CDB3F-810A-421A-B941-7A1095B03D15}.Debug|iPhoneSimulator.Build.0 = Debug|Any CPU
		{F12CDB3F-810A-421A-B941-7A1095B03D15}.Debug|x64.ActiveCfg = Debug|Any CPU
		{F12CDB3F-810A-421A-B941-7A1095B03D15}.Debug|x64.Build.0 = Debug|Any CPU
		{F12CDB3F-810A-421A-B941-7A1095B03D15}.Debug|x86.ActiveCfg = Debug|Any CPU
		{F12CDB3F-810A-421A-B941-7A1095B03D15}.Debug|x86.Build.0 = Debug|Any CPU
		{F12CDB3F-810A-421A-B941-7A1095B03D15}.Release|Any CPU.ActiveCfg = Release|Any CPU
		{F12CDB3F-810A-421A-B941-7A1095B03D15}.Release|Any CPU.Build.0 = Release|Any CPU
		{F12CDB3F-810A-421A-B941-7A1095B03D15}.Release|ARM.ActiveCfg = Release|Any CPU
		{F12CDB3F-810A-421A-B941-7A1095B03D15}.Release|ARM.Build.0 = Release|Any CPU
		{F12CDB3F-810A-421A-B941-7A1095B03D15}.Release|iPhone.ActiveCfg = Release|Any CPU
		{F12CDB3F-810A-421A-B941-7A1095B03D15}.Release|iPhone.Build.0 = Release|Any CPU
		{F12CDB3F-810A-421A-B941-7A1095B03D15}.Release|iPhoneSimulator.ActiveCfg = Release|Any CPU
		{F12CDB3F-810A-421A-B941-7A1095B03D15}.Release|iPhoneSimulator.Build.0 = Release|Any CPU
		{F12CDB3F-810A-421A-B941-7A1095B03D15}.Release|x64.ActiveCfg = Release|Any CPU
		{F12CDB3F-810A-421A-B941-7A1095B03D15}.Release|x64.Build.0 = Release|Any CPU
		{F12CDB3F-810A-421A-B941-7A1095B03D15}.Release|x86.ActiveCfg = Release|Any CPU
		{F12CDB3F-810A-421A-B941-7A1095B03D15}.Release|x86.Build.0 = Release|Any CPU
		{3789D96E-321B-4AC4-AFA0-73C4B101ACDF}.Ad-Hoc|Any CPU.ActiveCfg = Debug|Any CPU
		{3789D96E-321B-4AC4-AFA0-73C4B101ACDF}.Ad-Hoc|Any CPU.Build.0 = Debug|Any CPU
		{3789D96E-321B-4AC4-AFA0-73C4B101ACDF}.Ad-Hoc|ARM.ActiveCfg = Debug|Any CPU
		{3789D96E-321B-4AC4-AFA0-73C4B101ACDF}.Ad-Hoc|ARM.Build.0 = Debug|Any CPU
		{3789D96E-321B-4AC4-AFA0-73C4B101ACDF}.Ad-Hoc|iPhone.ActiveCfg = Debug|Any CPU
		{3789D96E-321B-4AC4-AFA0-73C4B101ACDF}.Ad-Hoc|iPhone.Build.0 = Debug|Any CPU
		{3789D96E-321B-4AC4-AFA0-73C4B101ACDF}.Ad-Hoc|iPhoneSimulator.ActiveCfg = Debug|Any CPU
		{3789D96E-321B-4AC4-AFA0-73C4B101ACDF}.Ad-Hoc|iPhoneSimulator.Build.0 = Debug|Any CPU
		{3789D96E-321B-4AC4-AFA0-73C4B101ACDF}.Ad-Hoc|x64.ActiveCfg = Debug|Any CPU
		{3789D96E-321B-4AC4-AFA0-73C4B101ACDF}.Ad-Hoc|x64.Build.0 = Debug|Any CPU
		{3789D96E-321B-4AC4-AFA0-73C4B101ACDF}.Ad-Hoc|x86.ActiveCfg = Debug|Any CPU
		{3789D96E-321B-4AC4-AFA0-73C4B101ACDF}.Ad-Hoc|x86.Build.0 = Debug|Any CPU
		{3789D96E-321B-4AC4-AFA0-73C4B101ACDF}.AppStore|Any CPU.ActiveCfg = Debug|Any CPU
		{3789D96E-321B-4AC4-AFA0-73C4B101ACDF}.AppStore|Any CPU.Build.0 = Debug|Any CPU
		{3789D96E-321B-4AC4-AFA0-73C4B101ACDF}.AppStore|ARM.ActiveCfg = Debug|Any CPU
		{3789D96E-321B-4AC4-AFA0-73C4B101ACDF}.AppStore|ARM.Build.0 = Debug|Any CPU
		{3789D96E-321B-4AC4-AFA0-73C4B101ACDF}.AppStore|iPhone.ActiveCfg = Debug|Any CPU
		{3789D96E-321B-4AC4-AFA0-73C4B101ACDF}.AppStore|iPhone.Build.0 = Debug|Any CPU
		{3789D96E-321B-4AC4-AFA0-73C4B101ACDF}.AppStore|iPhoneSimulator.ActiveCfg = Debug|Any CPU
		{3789D96E-321B-4AC4-AFA0-73C4B101ACDF}.AppStore|iPhoneSimulator.Build.0 = Debug|Any CPU
		{3789D96E-321B-4AC4-AFA0-73C4B101ACDF}.AppStore|x64.ActiveCfg = Debug|Any CPU
		{3789D96E-321B-4AC4-AFA0-73C4B101ACDF}.AppStore|x64.Build.0 = Debug|Any CPU
		{3789D96E-321B-4AC4-AFA0-73C4B101ACDF}.AppStore|x86.ActiveCfg = Debug|Any CPU
		{3789D96E-321B-4AC4-AFA0-73C4B101ACDF}.AppStore|x86.Build.0 = Debug|Any CPU
		{3789D96E-321B-4AC4-AFA0-73C4B101ACDF}.Debug|Any CPU.ActiveCfg = Debug|Any CPU
		{3789D96E-321B-4AC4-AFA0-73C4B101ACDF}.Debug|Any CPU.Build.0 = Debug|Any CPU
		{3789D96E-321B-4AC4-AFA0-73C4B101ACDF}.Debug|ARM.ActiveCfg = Debug|Any CPU
		{3789D96E-321B-4AC4-AFA0-73C4B101ACDF}.Debug|ARM.Build.0 = Debug|Any CPU
		{3789D96E-321B-4AC4-AFA0-73C4B101ACDF}.Debug|iPhone.ActiveCfg = Debug|Any CPU
		{3789D96E-321B-4AC4-AFA0-73C4B101ACDF}.Debug|iPhone.Build.0 = Debug|Any CPU
		{3789D96E-321B-4AC4-AFA0-73C4B101ACDF}.Debug|iPhoneSimulator.ActiveCfg = Debug|Any CPU
		{3789D96E-321B-4AC4-AFA0-73C4B101ACDF}.Debug|iPhoneSimulator.Build.0 = Debug|Any CPU
		{3789D96E-321B-4AC4-AFA0-73C4B101ACDF}.Debug|x64.ActiveCfg = Debug|Any CPU
		{3789D96E-321B-4AC4-AFA0-73C4B101ACDF}.Debug|x64.Build.0 = Debug|Any CPU
		{3789D96E-321B-4AC4-AFA0-73C4B101ACDF}.Debug|x86.ActiveCfg = Debug|Any CPU
		{3789D96E-321B-4AC4-AFA0-73C4B101ACDF}.Debug|x86.Build.0 = Debug|Any CPU
		{3789D96E-321B-4AC4-AFA0-73C4B101ACDF}.Release|Any CPU.ActiveCfg = Release|Any CPU
		{3789D96E-321B-4AC4-AFA0-73C4B101ACDF}.Release|Any CPU.Build.0 = Release|Any CPU
		{3789D96E-321B-4AC4-AFA0-73C4B101ACDF}.Release|ARM.ActiveCfg = Release|Any CPU
		{3789D96E-321B-4AC4-AFA0-73C4B101ACDF}.Release|ARM.Build.0 = Release|Any CPU
		{3789D96E-321B-4AC4-AFA0-73C4B101ACDF}.Release|iPhone.ActiveCfg = Release|Any CPU
		{3789D96E-321B-4AC4-AFA0-73C4B101ACDF}.Release|iPhone.Build.0 = Release|Any CPU
		{3789D96E-321B-4AC4-AFA0-73C4B101ACDF}.Release|iPhoneSimulator.ActiveCfg = Release|Any CPU
		{3789D96E-321B-4AC4-AFA0-73C4B101ACDF}.Release|iPhoneSimulator.Build.0 = Release|Any CPU
		{3789D96E-321B-4AC4-AFA0-73C4B101ACDF}.Release|x64.ActiveCfg = Release|Any CPU
		{3789D96E-321B-4AC4-AFA0-73C4B101ACDF}.Release|x64.Build.0 = Release|Any CPU
		{3789D96E-321B-4AC4-AFA0-73C4B101ACDF}.Release|x86.ActiveCfg = Release|Any CPU
		{3789D96E-321B-4AC4-AFA0-73C4B101ACDF}.Release|x86.Build.0 = Release|Any CPU
		{5D31807F-A321-4827-8232-C53D68CE95C9}.Ad-Hoc|Any CPU.ActiveCfg = Debug|Any CPU
		{5D31807F-A321-4827-8232-C53D68CE95C9}.Ad-Hoc|Any CPU.Build.0 = Debug|Any CPU
		{5D31807F-A321-4827-8232-C53D68CE95C9}.Ad-Hoc|ARM.ActiveCfg = Debug|Any CPU
		{5D31807F-A321-4827-8232-C53D68CE95C9}.Ad-Hoc|ARM.Build.0 = Debug|Any CPU
		{5D31807F-A321-4827-8232-C53D68CE95C9}.Ad-Hoc|iPhone.ActiveCfg = Debug|Any CPU
		{5D31807F-A321-4827-8232-C53D68CE95C9}.Ad-Hoc|iPhone.Build.0 = Debug|Any CPU
		{5D31807F-A321-4827-8232-C53D68CE95C9}.Ad-Hoc|iPhoneSimulator.ActiveCfg = Debug|Any CPU
		{5D31807F-A321-4827-8232-C53D68CE95C9}.Ad-Hoc|iPhoneSimulator.Build.0 = Debug|Any CPU
		{5D31807F-A321-4827-8232-C53D68CE95C9}.Ad-Hoc|x64.ActiveCfg = Debug|Any CPU
		{5D31807F-A321-4827-8232-C53D68CE95C9}.Ad-Hoc|x64.Build.0 = Debug|Any CPU
		{5D31807F-A321-4827-8232-C53D68CE95C9}.Ad-Hoc|x86.ActiveCfg = Debug|Any CPU
		{5D31807F-A321-4827-8232-C53D68CE95C9}.Ad-Hoc|x86.Build.0 = Debug|Any CPU
		{5D31807F-A321-4827-8232-C53D68CE95C9}.AppStore|Any CPU.ActiveCfg = Debug|Any CPU
		{5D31807F-A321-4827-8232-C53D68CE95C9}.AppStore|Any CPU.Build.0 = Debug|Any CPU
		{5D31807F-A321-4827-8232-C53D68CE95C9}.AppStore|ARM.ActiveCfg = Debug|Any CPU
		{5D31807F-A321-4827-8232-C53D68CE95C9}.AppStore|ARM.Build.0 = Debug|Any CPU
		{5D31807F-A321-4827-8232-C53D68CE95C9}.AppStore|iPhone.ActiveCfg = Debug|Any CPU
		{5D31807F-A321-4827-8232-C53D68CE95C9}.AppStore|iPhone.Build.0 = Debug|Any CPU
		{5D31807F-A321-4827-8232-C53D68CE95C9}.AppStore|iPhoneSimulator.ActiveCfg = Debug|Any CPU
		{5D31807F-A321-4827-8232-C53D68CE95C9}.AppStore|iPhoneSimulator.Build.0 = Debug|Any CPU
		{5D31807F-A321-4827-8232-C53D68CE95C9}.AppStore|x64.ActiveCfg = Debug|Any CPU
		{5D31807F-A321-4827-8232-C53D68CE95C9}.AppStore|x64.Build.0 = Debug|Any CPU
		{5D31807F-A321-4827-8232-C53D68CE95C9}.AppStore|x86.ActiveCfg = Debug|Any CPU
		{5D31807F-A321-4827-8232-C53D68CE95C9}.AppStore|x86.Build.0 = Debug|Any CPU
		{5D31807F-A321-4827-8232-C53D68CE95C9}.Debug|Any CPU.ActiveCfg = Debug|Any CPU
		{5D31807F-A321-4827-8232-C53D68CE95C9}.Debug|Any CPU.Build.0 = Debug|Any CPU
		{5D31807F-A321-4827-8232-C53D68CE95C9}.Debug|ARM.ActiveCfg = Debug|Any CPU
		{5D31807F-A321-4827-8232-C53D68CE95C9}.Debug|ARM.Build.0 = Debug|Any CPU
		{5D31807F-A321-4827-8232-C53D68CE95C9}.Debug|iPhone.ActiveCfg = Debug|Any CPU
		{5D31807F-A321-4827-8232-C53D68CE95C9}.Debug|iPhone.Build.0 = Debug|Any CPU
		{5D31807F-A321-4827-8232-C53D68CE95C9}.Debug|iPhoneSimulator.ActiveCfg = Debug|Any CPU
		{5D31807F-A321-4827-8232-C53D68CE95C9}.Debug|iPhoneSimulator.Build.0 = Debug|Any CPU
		{5D31807F-A321-4827-8232-C53D68CE95C9}.Debug|x64.ActiveCfg = Debug|Any CPU
		{5D31807F-A321-4827-8232-C53D68CE95C9}.Debug|x64.Build.0 = Debug|Any CPU
		{5D31807F-A321-4827-8232-C53D68CE95C9}.Debug|x86.ActiveCfg = Debug|Any CPU
		{5D31807F-A321-4827-8232-C53D68CE95C9}.Debug|x86.Build.0 = Debug|Any CPU
		{5D31807F-A321-4827-8232-C53D68CE95C9}.Release|Any CPU.ActiveCfg = Release|Any CPU
		{5D31807F-A321-4827-8232-C53D68CE95C9}.Release|Any CPU.Build.0 = Release|Any CPU
		{5D31807F-A321-4827-8232-C53D68CE95C9}.Release|ARM.ActiveCfg = Release|Any CPU
		{5D31807F-A321-4827-8232-C53D68CE95C9}.Release|ARM.Build.0 = Release|Any CPU
		{5D31807F-A321-4827-8232-C53D68CE95C9}.Release|iPhone.ActiveCfg = Release|Any CPU
		{5D31807F-A321-4827-8232-C53D68CE95C9}.Release|iPhone.Build.0 = Release|Any CPU
		{5D31807F-A321-4827-8232-C53D68CE95C9}.Release|iPhoneSimulator.ActiveCfg = Release|Any CPU
		{5D31807F-A321-4827-8232-C53D68CE95C9}.Release|iPhoneSimulator.Build.0 = Release|Any CPU
		{5D31807F-A321-4827-8232-C53D68CE95C9}.Release|x64.ActiveCfg = Release|Any CPU
		{5D31807F-A321-4827-8232-C53D68CE95C9}.Release|x64.Build.0 = Release|Any CPU
		{5D31807F-A321-4827-8232-C53D68CE95C9}.Release|x86.ActiveCfg = Release|Any CPU
		{5D31807F-A321-4827-8232-C53D68CE95C9}.Release|x86.Build.0 = Release|Any CPU
		{E51A0CF4-C75E-4B65-828F-7E3324DB464D}.Ad-Hoc|Any CPU.ActiveCfg = Debug|Any CPU
		{E51A0CF4-C75E-4B65-828F-7E3324DB464D}.Ad-Hoc|Any CPU.Build.0 = Debug|Any CPU
		{E51A0CF4-C75E-4B65-828F-7E3324DB464D}.Ad-Hoc|ARM.ActiveCfg = Debug|Any CPU
		{E51A0CF4-C75E-4B65-828F-7E3324DB464D}.Ad-Hoc|ARM.Build.0 = Debug|Any CPU
		{E51A0CF4-C75E-4B65-828F-7E3324DB464D}.Ad-Hoc|iPhone.ActiveCfg = Debug|Any CPU
		{E51A0CF4-C75E-4B65-828F-7E3324DB464D}.Ad-Hoc|iPhone.Build.0 = Debug|Any CPU
		{E51A0CF4-C75E-4B65-828F-7E3324DB464D}.Ad-Hoc|iPhoneSimulator.ActiveCfg = Debug|Any CPU
		{E51A0CF4-C75E-4B65-828F-7E3324DB464D}.Ad-Hoc|iPhoneSimulator.Build.0 = Debug|Any CPU
		{E51A0CF4-C75E-4B65-828F-7E3324DB464D}.Ad-Hoc|x64.ActiveCfg = Debug|Any CPU
		{E51A0CF4-C75E-4B65-828F-7E3324DB464D}.Ad-Hoc|x64.Build.0 = Debug|Any CPU
		{E51A0CF4-C75E-4B65-828F-7E3324DB464D}.Ad-Hoc|x86.ActiveCfg = Debug|Any CPU
		{E51A0CF4-C75E-4B65-828F-7E3324DB464D}.Ad-Hoc|x86.Build.0 = Debug|Any CPU
		{E51A0CF4-C75E-4B65-828F-7E3324DB464D}.AppStore|Any CPU.ActiveCfg = Debug|Any CPU
		{E51A0CF4-C75E-4B65-828F-7E3324DB464D}.AppStore|Any CPU.Build.0 = Debug|Any CPU
		{E51A0CF4-C75E-4B65-828F-7E3324DB464D}.AppStore|ARM.ActiveCfg = Debug|Any CPU
		{E51A0CF4-C75E-4B65-828F-7E3324DB464D}.AppStore|ARM.Build.0 = Debug|Any CPU
		{E51A0CF4-C75E-4B65-828F-7E3324DB464D}.AppStore|iPhone.ActiveCfg = Debug|Any CPU
		{E51A0CF4-C75E-4B65-828F-7E3324DB464D}.AppStore|iPhone.Build.0 = Debug|Any CPU
		{E51A0CF4-C75E-4B65-828F-7E3324DB464D}.AppStore|iPhoneSimulator.ActiveCfg = Debug|Any CPU
		{E51A0CF4-C75E-4B65-828F-7E3324DB464D}.AppStore|iPhoneSimulator.Build.0 = Debug|Any CPU
		{E51A0CF4-C75E-4B65-828F-7E3324DB464D}.AppStore|x64.ActiveCfg = Debug|Any CPU
		{E51A0CF4-C75E-4B65-828F-7E3324DB464D}.AppStore|x64.Build.0 = Debug|Any CPU
		{E51A0CF4-C75E-4B65-828F-7E3324DB464D}.AppStore|x86.ActiveCfg = Debug|Any CPU
		{E51A0CF4-C75E-4B65-828F-7E3324DB464D}.AppStore|x86.Build.0 = Debug|Any CPU
		{E51A0CF4-C75E-4B65-828F-7E3324DB464D}.Debug|Any CPU.ActiveCfg = Debug|Any CPU
		{E51A0CF4-C75E-4B65-828F-7E3324DB464D}.Debug|Any CPU.Build.0 = Debug|Any CPU
		{E51A0CF4-C75E-4B65-828F-7E3324DB464D}.Debug|ARM.ActiveCfg = Debug|Any CPU
		{E51A0CF4-C75E-4B65-828F-7E3324DB464D}.Debug|ARM.Build.0 = Debug|Any CPU
		{E51A0CF4-C75E-4B65-828F-7E3324DB464D}.Debug|iPhone.ActiveCfg = Debug|Any CPU
		{E51A0CF4-C75E-4B65-828F-7E3324DB464D}.Debug|iPhone.Build.0 = Debug|Any CPU
		{E51A0CF4-C75E-4B65-828F-7E3324DB464D}.Debug|iPhoneSimulator.ActiveCfg = Debug|Any CPU
		{E51A0CF4-C75E-4B65-828F-7E3324DB464D}.Debug|iPhoneSimulator.Build.0 = Debug|Any CPU
		{E51A0CF4-C75E-4B65-828F-7E3324DB464D}.Debug|x64.ActiveCfg = Debug|Any CPU
		{E51A0CF4-C75E-4B65-828F-7E3324DB464D}.Debug|x64.Build.0 = Debug|Any CPU
		{E51A0CF4-C75E-4B65-828F-7E3324DB464D}.Debug|x86.ActiveCfg = Debug|Any CPU
		{E51A0CF4-C75E-4B65-828F-7E3324DB464D}.Debug|x86.Build.0 = Debug|Any CPU
		{E51A0CF4-C75E-4B65-828F-7E3324DB464D}.Release|Any CPU.ActiveCfg = Release|Any CPU
		{E51A0CF4-C75E-4B65-828F-7E3324DB464D}.Release|Any CPU.Build.0 = Release|Any CPU
		{E51A0CF4-C75E-4B65-828F-7E3324DB464D}.Release|ARM.ActiveCfg = Release|Any CPU
		{E51A0CF4-C75E-4B65-828F-7E3324DB464D}.Release|ARM.Build.0 = Release|Any CPU
		{E51A0CF4-C75E-4B65-828F-7E3324DB464D}.Release|iPhone.ActiveCfg = Release|Any CPU
		{E51A0CF4-C75E-4B65-828F-7E3324DB464D}.Release|iPhone.Build.0 = Release|Any CPU
		{E51A0CF4-C75E-4B65-828F-7E3324DB464D}.Release|iPhoneSimulator.ActiveCfg = Release|Any CPU
		{E51A0CF4-C75E-4B65-828F-7E3324DB464D}.Release|iPhoneSimulator.Build.0 = Release|Any CPU
		{E51A0CF4-C75E-4B65-828F-7E3324DB464D}.Release|x64.ActiveCfg = Release|Any CPU
		{E51A0CF4-C75E-4B65-828F-7E3324DB464D}.Release|x64.Build.0 = Release|Any CPU
		{E51A0CF4-C75E-4B65-828F-7E3324DB464D}.Release|x86.ActiveCfg = Release|Any CPU
		{E51A0CF4-C75E-4B65-828F-7E3324DB464D}.Release|x86.Build.0 = Release|Any CPU
		{F5AD7ECC-3272-4A04-B9B5-B9DE003E1328}.Ad-Hoc|Any CPU.ActiveCfg = Debug|Any CPU
		{F5AD7ECC-3272-4A04-B9B5-B9DE003E1328}.Ad-Hoc|Any CPU.Build.0 = Debug|Any CPU
		{F5AD7ECC-3272-4A04-B9B5-B9DE003E1328}.Ad-Hoc|ARM.ActiveCfg = Debug|Any CPU
		{F5AD7ECC-3272-4A04-B9B5-B9DE003E1328}.Ad-Hoc|ARM.Build.0 = Debug|Any CPU
		{F5AD7ECC-3272-4A04-B9B5-B9DE003E1328}.Ad-Hoc|iPhone.ActiveCfg = Debug|Any CPU
		{F5AD7ECC-3272-4A04-B9B5-B9DE003E1328}.Ad-Hoc|iPhone.Build.0 = Debug|Any CPU
		{F5AD7ECC-3272-4A04-B9B5-B9DE003E1328}.Ad-Hoc|iPhoneSimulator.ActiveCfg = Debug|Any CPU
		{F5AD7ECC-3272-4A04-B9B5-B9DE003E1328}.Ad-Hoc|iPhoneSimulator.Build.0 = Debug|Any CPU
		{F5AD7ECC-3272-4A04-B9B5-B9DE003E1328}.Ad-Hoc|x64.ActiveCfg = Debug|Any CPU
		{F5AD7ECC-3272-4A04-B9B5-B9DE003E1328}.Ad-Hoc|x64.Build.0 = Debug|Any CPU
		{F5AD7ECC-3272-4A04-B9B5-B9DE003E1328}.Ad-Hoc|x86.ActiveCfg = Debug|Any CPU
		{F5AD7ECC-3272-4A04-B9B5-B9DE003E1328}.Ad-Hoc|x86.Build.0 = Debug|Any CPU
		{F5AD7ECC-3272-4A04-B9B5-B9DE003E1328}.AppStore|Any CPU.ActiveCfg = Debug|Any CPU
		{F5AD7ECC-3272-4A04-B9B5-B9DE003E1328}.AppStore|Any CPU.Build.0 = Debug|Any CPU
		{F5AD7ECC-3272-4A04-B9B5-B9DE003E1328}.AppStore|ARM.ActiveCfg = Debug|Any CPU
		{F5AD7ECC-3272-4A04-B9B5-B9DE003E1328}.AppStore|ARM.Build.0 = Debug|Any CPU
		{F5AD7ECC-3272-4A04-B9B5-B9DE003E1328}.AppStore|iPhone.ActiveCfg = Debug|Any CPU
		{F5AD7ECC-3272-4A04-B9B5-B9DE003E1328}.AppStore|iPhone.Build.0 = Debug|Any CPU
		{F5AD7ECC-3272-4A04-B9B5-B9DE003E1328}.AppStore|iPhoneSimulator.ActiveCfg = Debug|Any CPU
		{F5AD7ECC-3272-4A04-B9B5-B9DE003E1328}.AppStore|iPhoneSimulator.Build.0 = Debug|Any CPU
		{F5AD7ECC-3272-4A04-B9B5-B9DE003E1328}.AppStore|x64.ActiveCfg = Debug|Any CPU
		{F5AD7ECC-3272-4A04-B9B5-B9DE003E1328}.AppStore|x64.Build.0 = Debug|Any CPU
		{F5AD7ECC-3272-4A04-B9B5-B9DE003E1328}.AppStore|x86.ActiveCfg = Debug|Any CPU
		{F5AD7ECC-3272-4A04-B9B5-B9DE003E1328}.AppStore|x86.Build.0 = Debug|Any CPU
		{F5AD7ECC-3272-4A04-B9B5-B9DE003E1328}.Debug|Any CPU.ActiveCfg = Debug|Any CPU
		{F5AD7ECC-3272-4A04-B9B5-B9DE003E1328}.Debug|Any CPU.Build.0 = Debug|Any CPU
		{F5AD7ECC-3272-4A04-B9B5-B9DE003E1328}.Debug|ARM.ActiveCfg = Debug|Any CPU
		{F5AD7ECC-3272-4A04-B9B5-B9DE003E1328}.Debug|ARM.Build.0 = Debug|Any CPU
		{F5AD7ECC-3272-4A04-B9B5-B9DE003E1328}.Debug|iPhone.ActiveCfg = Debug|Any CPU
		{F5AD7ECC-3272-4A04-B9B5-B9DE003E1328}.Debug|iPhone.Build.0 = Debug|Any CPU
		{F5AD7ECC-3272-4A04-B9B5-B9DE003E1328}.Debug|iPhoneSimulator.ActiveCfg = Debug|Any CPU
		{F5AD7ECC-3272-4A04-B9B5-B9DE003E1328}.Debug|iPhoneSimulator.Build.0 = Debug|Any CPU
		{F5AD7ECC-3272-4A04-B9B5-B9DE003E1328}.Debug|x64.ActiveCfg = Debug|Any CPU
		{F5AD7ECC-3272-4A04-B9B5-B9DE003E1328}.Debug|x64.Build.0 = Debug|Any CPU
		{F5AD7ECC-3272-4A04-B9B5-B9DE003E1328}.Debug|x86.ActiveCfg = Debug|Any CPU
		{F5AD7ECC-3272-4A04-B9B5-B9DE003E1328}.Debug|x86.Build.0 = Debug|Any CPU
		{F5AD7ECC-3272-4A04-B9B5-B9DE003E1328}.Release|Any CPU.ActiveCfg = Release|Any CPU
		{F5AD7ECC-3272-4A04-B9B5-B9DE003E1328}.Release|Any CPU.Build.0 = Release|Any CPU
		{F5AD7ECC-3272-4A04-B9B5-B9DE003E1328}.Release|ARM.ActiveCfg = Release|Any CPU
		{F5AD7ECC-3272-4A04-B9B5-B9DE003E1328}.Release|ARM.Build.0 = Release|Any CPU
		{F5AD7ECC-3272-4A04-B9B5-B9DE003E1328}.Release|iPhone.ActiveCfg = Release|Any CPU
		{F5AD7ECC-3272-4A04-B9B5-B9DE003E1328}.Release|iPhone.Build.0 = Release|Any CPU
		{F5AD7ECC-3272-4A04-B9B5-B9DE003E1328}.Release|iPhoneSimulator.ActiveCfg = Release|Any CPU
		{F5AD7ECC-3272-4A04-B9B5-B9DE003E1328}.Release|iPhoneSimulator.Build.0 = Release|Any CPU
		{F5AD7ECC-3272-4A04-B9B5-B9DE003E1328}.Release|x64.ActiveCfg = Release|Any CPU
		{F5AD7ECC-3272-4A04-B9B5-B9DE003E1328}.Release|x64.Build.0 = Release|Any CPU
		{F5AD7ECC-3272-4A04-B9B5-B9DE003E1328}.Release|x86.ActiveCfg = Release|Any CPU
		{F5AD7ECC-3272-4A04-B9B5-B9DE003E1328}.Release|x86.Build.0 = Release|Any CPU
		{50F678E3-EE3A-4090-AF09-618A34CB6BB2}.Ad-Hoc|Any CPU.ActiveCfg = Debug|Any CPU
		{50F678E3-EE3A-4090-AF09-618A34CB6BB2}.Ad-Hoc|Any CPU.Build.0 = Debug|Any CPU
		{50F678E3-EE3A-4090-AF09-618A34CB6BB2}.Ad-Hoc|ARM.ActiveCfg = Debug|Any CPU
		{50F678E3-EE3A-4090-AF09-618A34CB6BB2}.Ad-Hoc|ARM.Build.0 = Debug|Any CPU
		{50F678E3-EE3A-4090-AF09-618A34CB6BB2}.Ad-Hoc|iPhone.ActiveCfg = Debug|Any CPU
		{50F678E3-EE3A-4090-AF09-618A34CB6BB2}.Ad-Hoc|iPhone.Build.0 = Debug|Any CPU
		{50F678E3-EE3A-4090-AF09-618A34CB6BB2}.Ad-Hoc|iPhoneSimulator.ActiveCfg = Debug|Any CPU
		{50F678E3-EE3A-4090-AF09-618A34CB6BB2}.Ad-Hoc|iPhoneSimulator.Build.0 = Debug|Any CPU
		{50F678E3-EE3A-4090-AF09-618A34CB6BB2}.Ad-Hoc|x64.ActiveCfg = Debug|Any CPU
		{50F678E3-EE3A-4090-AF09-618A34CB6BB2}.Ad-Hoc|x64.Build.0 = Debug|Any CPU
		{50F678E3-EE3A-4090-AF09-618A34CB6BB2}.Ad-Hoc|x86.ActiveCfg = Debug|Any CPU
		{50F678E3-EE3A-4090-AF09-618A34CB6BB2}.Ad-Hoc|x86.Build.0 = Debug|Any CPU
		{50F678E3-EE3A-4090-AF09-618A34CB6BB2}.AppStore|Any CPU.ActiveCfg = Debug|Any CPU
		{50F678E3-EE3A-4090-AF09-618A34CB6BB2}.AppStore|Any CPU.Build.0 = Debug|Any CPU
		{50F678E3-EE3A-4090-AF09-618A34CB6BB2}.AppStore|ARM.ActiveCfg = Debug|Any CPU
		{50F678E3-EE3A-4090-AF09-618A34CB6BB2}.AppStore|ARM.Build.0 = Debug|Any CPU
		{50F678E3-EE3A-4090-AF09-618A34CB6BB2}.AppStore|iPhone.ActiveCfg = Debug|Any CPU
		{50F678E3-EE3A-4090-AF09-618A34CB6BB2}.AppStore|iPhone.Build.0 = Debug|Any CPU
		{50F678E3-EE3A-4090-AF09-618A34CB6BB2}.AppStore|iPhoneSimulator.ActiveCfg = Debug|Any CPU
		{50F678E3-EE3A-4090-AF09-618A34CB6BB2}.AppStore|iPhoneSimulator.Build.0 = Debug|Any CPU
		{50F678E3-EE3A-4090-AF09-618A34CB6BB2}.AppStore|x64.ActiveCfg = Debug|Any CPU
		{50F678E3-EE3A-4090-AF09-618A34CB6BB2}.AppStore|x64.Build.0 = Debug|Any CPU
		{50F678E3-EE3A-4090-AF09-618A34CB6BB2}.AppStore|x86.ActiveCfg = Debug|Any CPU
		{50F678E3-EE3A-4090-AF09-618A34CB6BB2}.AppStore|x86.Build.0 = Debug|Any CPU
		{50F678E3-EE3A-4090-AF09-618A34CB6BB2}.Debug|Any CPU.ActiveCfg = Debug|Any CPU
		{50F678E3-EE3A-4090-AF09-618A34CB6BB2}.Debug|Any CPU.Build.0 = Debug|Any CPU
		{50F678E3-EE3A-4090-AF09-618A34CB6BB2}.Debug|ARM.ActiveCfg = Debug|Any CPU
		{50F678E3-EE3A-4090-AF09-618A34CB6BB2}.Debug|ARM.Build.0 = Debug|Any CPU
		{50F678E3-EE3A-4090-AF09-618A34CB6BB2}.Debug|iPhone.ActiveCfg = Debug|Any CPU
		{50F678E3-EE3A-4090-AF09-618A34CB6BB2}.Debug|iPhone.Build.0 = Debug|Any CPU
		{50F678E3-EE3A-4090-AF09-618A34CB6BB2}.Debug|iPhoneSimulator.ActiveCfg = Debug|Any CPU
		{50F678E3-EE3A-4090-AF09-618A34CB6BB2}.Debug|iPhoneSimulator.Build.0 = Debug|Any CPU
		{50F678E3-EE3A-4090-AF09-618A34CB6BB2}.Debug|x64.ActiveCfg = Debug|Any CPU
		{50F678E3-EE3A-4090-AF09-618A34CB6BB2}.Debug|x64.Build.0 = Debug|Any CPU
		{50F678E3-EE3A-4090-AF09-618A34CB6BB2}.Debug|x86.ActiveCfg = Debug|Any CPU
		{50F678E3-EE3A-4090-AF09-618A34CB6BB2}.Debug|x86.Build.0 = Debug|Any CPU
		{50F678E3-EE3A-4090-AF09-618A34CB6BB2}.Release|Any CPU.ActiveCfg = Release|Any CPU
		{50F678E3-EE3A-4090-AF09-618A34CB6BB2}.Release|Any CPU.Build.0 = Release|Any CPU
		{50F678E3-EE3A-4090-AF09-618A34CB6BB2}.Release|ARM.ActiveCfg = Release|Any CPU
		{50F678E3-EE3A-4090-AF09-618A34CB6BB2}.Release|ARM.Build.0 = Release|Any CPU
		{50F678E3-EE3A-4090-AF09-618A34CB6BB2}.Release|iPhone.ActiveCfg = Release|Any CPU
		{50F678E3-EE3A-4090-AF09-618A34CB6BB2}.Release|iPhone.Build.0 = Release|Any CPU
		{50F678E3-EE3A-4090-AF09-618A34CB6BB2}.Release|iPhoneSimulator.ActiveCfg = Release|Any CPU
		{50F678E3-EE3A-4090-AF09-618A34CB6BB2}.Release|iPhoneSimulator.Build.0 = Release|Any CPU
		{50F678E3-EE3A-4090-AF09-618A34CB6BB2}.Release|x64.ActiveCfg = Release|Any CPU
		{50F678E3-EE3A-4090-AF09-618A34CB6BB2}.Release|x64.Build.0 = Release|Any CPU
		{50F678E3-EE3A-4090-AF09-618A34CB6BB2}.Release|x86.ActiveCfg = Release|Any CPU
		{50F678E3-EE3A-4090-AF09-618A34CB6BB2}.Release|x86.Build.0 = Release|Any CPU
	EndGlobalSection
	GlobalSection(SolutionProperties) = preSolution
		HideSolutionNode = FALSE
	EndGlobalSection
	GlobalSection(NestedProjects) = preSolution
		{0818C995-826E-4901-873D-A78171548B85} = {E0AF30A8-6E4C-48F1-ABE8-96C773389D91}
		{88CF1E76-D276-4CEF-8293-314CF88DFCA8} = {E0AF30A8-6E4C-48F1-ABE8-96C773389D91}
		{7FA2419B-AF19-4C44-BA6F-3125B5496B73} = {E0AF30A8-6E4C-48F1-ABE8-96C773389D91}
	EndGlobalSection
	GlobalSection(ExtensibilityGlobals) = postSolution
		SolutionGuid = {58E6CBB0-5130-4A9C-8EFB-9BA750175BC2}
	EndGlobalSection
EndGlobal
